
Microsoft Visual Studio Solution File, Format Version 12.00
# Visual Studio 15
VisualStudioVersion = 15.0.26124.0
MinimumVisualStudioVersion = 15.0.26124.0
Project("{FAE04EC0-301F-11D3-BF4B-00C04F79EFBC}") = "Hello", "Hello\Hello.csproj", "{BC7556A5-EF99-412C-813E-17D052E3FD00}"
EndProject
Project("{FAE04EC0-301F-11D3-BF4B-00C04F79EFBC}") = "Hello.Test", "Hello.Test\Hello.Test.csproj", "{FB608084-09DC-40A7-9347-5D7DE2AAC1CA}"
EndProject
Global
	GlobalSection(SolutionConfigurationPlatforms) = preSolution
		Debug|Any CPU = Debug|Any CPU
		Debug|x64 = Debug|x64
		Debug|x86 = Debug|x86
		Release|Any CPU = Release|Any CPU
		Release|x64 = Release|x64
		Release|x86 = Release|x86
	EndGlobalSection
	GlobalSection(SolutionProperties) = preSolution
		HideSolutionNode = FALSE
	EndGlobalSection
	GlobalSection(ProjectConfigurationPlatforms) = postSolution
		{BC7556A5-EF99-412C-813E-17D052E3FD00}.Debug|Any CPU.ActiveCfg = Debug|Any CPU
		{BC7556A5-EF99-412C-813E-17D052E3FD00}.Debug|Any CPU.Build.0 = Debug|Any CPU
		{BC7556A5-EF99-412C-813E-17D052E3FD00}.Debug|x64.ActiveCfg = Debug|Any CPU
		{BC7556A5-EF99-412C-813E-17D052E3FD00}.Debug|x64.Build.0 = Debug|Any CPU
		{BC7556A5-EF99-412C-813E-17D052E3FD00}.Debug|x86.ActiveCfg = Debug|Any CPU
		{BC7556A5-EF99-412C-813E-17D052E3FD00}.Debug|x86.Build.0 = Debug|Any CPU
		{BC7556A5-EF99-412C-813E-17D052E3FD00}.Release|Any CPU.ActiveCfg = Release|Any CPU
		{BC7556A5-EF99-412C-813E-17D052E3FD00}.Release|Any CPU.Build.0 = Release|Any CPU
		{BC7556A5-EF99-412C-813E-17D052E3FD00}.Release|x64.ActiveCfg = Release|Any CPU
		{BC7556A5-EF99-412C-813E-17D052E3FD00}.Release|x64.Build.0 = Release|Any CPU
		{BC7556A5-EF99-412C-813E-17D052E3FD00}.Release|x86.ActiveCfg = Release|Any CPU
		{BC7556A5-EF99-412C-813E-17D052E3FD00}.Release|x86.Build.0 = Release|Any CPU
		{FB608084-09DC-40A7-9347-5D7DE2AAC1CA}.Debug|Any CPU.ActiveCfg = Debug|Any CPU
		{FB608084-09DC-40A7-9347-5D7DE2AAC1CA}.Debug|Any CPU.Build.0 = Debug|Any CPU
		{FB608084-09DC-40A7-9347-5D7DE2AAC1CA}.Debug|x64.ActiveCfg = Debug|Any CPU
		{FB608084-09DC-40A7-9347-5D7DE2AAC1CA}.Debug|x64.Build.0 = Debug|Any CPU
		{FB608084-09DC-40A7-9347-5D7DE2AAC1CA}.Debug|x86.ActiveCfg = Debug|Any CPU
		{FB608084-09DC-40A7-9347-5D7DE2AAC1CA}.Debug|x86.Build.0 = Debug|Any CPU
		{FB608084-09DC-40A7-9347-5D7DE2AAC1CA}.Release|Any CPU.ActiveCfg = Release|Any CPU
		{FB608084-09DC-40A7-9347-5D7DE2AAC1CA}.Release|Any CPU.Build.0 = Release|Any CPU
		{FB608084-09DC-40A7-9347-5D7DE2AAC1CA}.Release|x64.ActiveCfg = Release|Any CPU
		{FB608084-09DC-40A7-9347-5D7DE2AAC1CA}.Release|x64.Build.0 = Release|Any CPU
		{FB608084-09DC-40A7-9347-5D7DE2AAC1CA}.Release|x86.ActiveCfg = Release|Any CPU
		{FB608084-09DC-40A7-9347-5D7DE2AAC1CA}.Release|x86.Build.0 = Release|Any CPU
	EndGlobalSection
EndGlobal
